Microsoft Visual Studio Solution File, Format Version 11.00
# Visual Studio 2008

Project("{BC21E648-4530-FC9D-0313-CB816B733396}") = "ONE", "Assembly-CSharp.csproj", "{3AD991ED-E6B3-C6F2-FDA6-04F84C394BE7}"
EndProject
Project("{BC21E648-4530-FC9D-0313-CB816B733396}") = "ONE", "Assembly-CSharp-Editor.csproj", "{45C004BA-BAD2-73C2-BAC9-EB74A23B7123}"
EndProject
Global
	GlobalSection(SolutionConfigurationPlatforms) = preSolution
		Debug|Any CPU = Debug|Any CPU
		Release|Any CPU = Release|Any CPU
	EndGlobalSection
	GlobalSection(ProjectConfigurationPlatforms) = postSolution
		{3AD991ED-E6B3-C6F2-FDA6-04F84C394BE7}.Debug|Any CPU.ActiveCfg = Debug|Any CPU
		{3AD991ED-E6B3-C6F2-FDA6-04F84C394BE7}.Debug|Any CPU.Build.0 = Debug|Any CPU
		{3AD991ED-E6B3-C6F2-FDA6-04F84C394BE7}.Release|Any CPU.ActiveCfg = Release|Any CPU
		{3AD991ED-E6B3-C6F2-FDA6-04F84C394BE7}.Release|Any CPU.Build.0 = Release|Any CPU
		{45C004BA-BAD2-73C2-BAC9-EB74A23B7123}.Debug|Any CPU.ActiveCfg = Debug|Any CPU
		{45C004BA-BAD2-73C2-BAC9-EB74A23B7123}.Debug|Any CPU.Build.0 = Debug|Any CPU
		{45C004BA-BAD2-73C2-BAC9-EB74A23B7123}.Release|Any CPU.ActiveCfg = Release|Any CPU
		{45C004BA-BAD2-73C2-BAC9-EB74A23B7123}.Release|Any CPU.Build.0 = Release|Any CPU
	EndGlobalSection
	GlobalSection(SolutionProperties) = preSolution
		HideSolutionNode = FALSE
	EndGlobalSection
	GlobalSection(MonoDevelopProperties) = preSolution
		StartupItem = Assembly-CSharp.csproj
	EndGlobalSection
EndGlobal
